// !$*UTF8*$!
{
	archiveVersion = 1;
	classes = {
	};
	objectVersion = 46;
	objects = {

/* Begin PBXBuildFile section */
		BC3F94C5AC3D9ECAEEB54208 /* libPods-JVK.a in Frameworks */ = {isa = PBXBuildFile; fileRef = 7CAD81C04565567E345C2955 /* libPods-JVK.a */; };
		DC1C17EB1F0D4D97008DD23A /* SMLocationModel.m in Sources */ = {isa = PBXBuildFile; fileRef = DC1C17EA1F0D4D97008DD23A /* SMLocationModel.m */; };
		DC1C17EE1F0D53EF008DD23A /* SMCustomMapView.m in Sources */ = {isa = PBXBuildFile; fileRef = DC1C17ED1F0D53EF008DD23A /* SMCustomMapView.m */; };
		DC1C17F71F0D65CC008DD23A /* SMCustomAnnotationView.m in Sources */ = {isa = PBXBuildFile; fileRef = DC1C17F61F0D65CC008DD23A /* SMCustomAnnotationView.m */; };
		DC21CC471F095E2400BA8558 /* SMTreatmentModel.m in Sources */ = {isa = PBXBuildFile; fileRef = DC21CC461F095E2400BA8558 /* SMTreatmentModel.m */; };
		DC21CC4A1F095F1F00BA8558 /* SMServicesModel.m in Sources */ = {isa = PBXBuildFile; fileRef = DC21CC491F095F1F00BA8558 /* SMServicesModel.m */; };
		DC21CC4C1F0A8ED100BA8558 /* GoogleService-Info.plist in Resources */ = {isa = PBXBuildFile; fileRef = DC21CC4B1F0A8ED100BA8558 /* GoogleService-Info.plist */; };
		DC21CC4F1F0A9C3000BA8558 /* SMDataService.m in Sources */ = {isa = PBXBuildFile; fileRef = DC21CC4E1F0A9C3000BA8558 /* SMDataService.m */; };
		DC4112BD1F0EA6EC0083A024 /* SMPortfolioModel.m in Sources */ = {isa = PBXBuildFile; fileRef = DC4112BC1F0EA6EC0083A024 /* SMPortfolioModel.m */; };
		DC42CC5F1E52294500E471CB /* main.m in Sources */ = {isa = PBXBuildFile; fileRef = DC42CC5E1E52294500E471CB /* main.m */; };
		DC42CC621E52294500E471CB /* AppDelegate.m in Sources */ = {isa = PBXBuildFile; fileRef = DC42CC611E52294500E471CB /* AppDelegate.m */; };
		DC42CC651E52294500E471CB /* SMHomeViewController.m in Sources */ = {isa = PBXBuildFile; fileRef = DC42CC641E52294500E471CB /* SMHomeViewController.m */; };
		DC42CC6B1E52294500E471CB /* Main.storyboard in Resources */ = {isa = PBXBuildFile; fileRef = DC42CC691E52294500E471CB /* Main.storyboard */; };
		DC42CC6D1E52294500E471CB /* Assets.xcassets in Resources */ = {isa = PBXBuildFile; fileRef = DC42CC6C1E52294500E471CB /* Assets.xcassets */; };
		DC42CC701E52294500E471CB /* LaunchScreen.storyboard in Resources */ = {isa = PBXBuildFile; fileRef = DC42CC6E1E52294500E471CB /* LaunchScreen.storyboard */; };
		DC42CC791E524C4600E471CB /* QuartzCore.framework in Frameworks */ = {isa = PBXBuildFile; fileRef = DC42CC781E524C4600E471CB /* QuartzCore.framework */; };
		DC42CCBF1E54B16900E471CB /* SMCustomButton.m in Sources */ = {isa = PBXBuildFile; fileRef = DC42CCBE1E54B16900E471CB /* SMCustomButton.m */; };
		DC42CCC31E56031300E471CB /* SMTreatmentTableViewController.m in Sources */ = {isa = PBXBuildFile; fileRef = DC42CCC21E56031300E471CB /* SMTreatmentTableViewController.m */; };
		DC42CCC61E56032C00E471CB /* SMTreatmentTableViewCell.m in Sources */ = {isa = PBXBuildFile; fileRef = DC42CCC51E56032C00E471CB /* SMTreatmentTableViewCell.m */; };
		DC42CCC91E5603A600E471CB /* SMAboutUsViewController.m in Sources */ = {isa = PBXBuildFile; fileRef = DC42CCC81E5603A600E471CB /* SMAboutUsViewController.m */; };
		DC42CCCC1E5605D200E471CB /* SMServiceTableViewController.m in Sources */ = {isa = PBXBuildFile; fileRef = DC42CCCB1E5605D200E471CB /* SMServiceTableViewController.m */; };
		DCCF08E21E57767600E16D2F /* SMServiceTableViewCell.m in Sources */ = {isa = PBXBuildFile; fileRef = DCCF08E11E57767600E16D2F /* SMServiceTableViewCell.m */; };
		DCCF08E61E577E5100E16D2F /* SMPortfolioCollectionViewController.m in Sources */ = {isa = PBXBuildFile; fileRef = DCCF08E51E577E5100E16D2F /* SMPortfolioCollectionViewController.m */; };
		DCCF08E91E577E6800E16D2F /* SMPortfolioCollectionViewCell.m in Sources */ = {isa = PBXBuildFile; fileRef = DCCF08E81E577E6800E16D2F /* SMPortfolioCollectionViewCell.m */; };
		DCCF08EC1E5B53A400E16D2F /* SMContactUsViewController.m in Sources */ = {isa = PBXBuildFile; fileRef = DCCF08EB1E5B53A400E16D2F /* SMContactUsViewController.m */; };
		DCCF08EF1E5B57F400E16D2F /* MapKit.framework in Frameworks */ = {isa = PBXBuildFile; fileRef = DCCF08EE1E5B57F400E16D2F /* MapKit.framework */; };
		DCCF08F21E5B674500E16D2F /* SMEmailViewController.m in Sources */ = {isa = PBXBuildFile; fileRef = DCCF08F11E5B674500E16D2F /* SMEmailViewController.m */; };
		DCCF08F41E5C751800E16D2F /* MessageUI.framework in Frameworks */ = {isa = PBXBuildFile; fileRef = DCCF08F31E5C751800E16D2F /* MessageUI.framework */; };
		DCCF09431E67095C00E16D2F /* SMCustomNavigationBar.m in Sources */ = {isa = PBXBuildFile; fileRef = DCCF09421E67095C00E16D2F /* SMCustomNavigationBar.m */; };
		DCCF09461E670D6D00E16D2F /* SMCustomImageView.m in Sources */ = {isa = PBXBuildFile; fileRef = DCCF09451E670D6D00E16D2F /* SMCustomImageView.m */; };
/* End PBXBuildFile section */

/* Begin PBXFileReference section */
		6CDCC6E65905DEE41FCD17A1 /* Pods-JVK.debug.xcconfig */ = {isa = PBXFileReference; includeInIndex = 1; lastKnownFileType = text.xcconfig; name = "Pods-JVK.debug.xcconfig"; path = "Pods/Target Support Files/Pods-JVK/Pods-JVK.debug.xcconfig"; sourceTree = "<group>"; };
		7CAD81C04565567E345C2955 /* libPods-JVK.a */ = {isa = PBXFileReference; explicitFileType = archive.ar; includeInIndex = 0; path = "libPods-JVK.a"; sourceTree = BUILT_PRODUCTS_DIR; };
		990D97900C0771DCE66AC8B6 /* Pods-JVK.release.xcconfig */ = {isa = PBXFileReference; includeInIndex = 1; lastKnownFileType = text.xcconfig; name = "Pods-JVK.release.xcconfig"; path = "Pods/Target Support Files/Pods-JVK/Pods-JVK.release.xcconfig"; sourceTree = "<group>"; };
		DC1C17E91F0D4D97008DD23A /* SMLocationModel.h */ = {isa = PBXFileReference; fileEncoding = 4; lastKnownFileType = sourcecode.c.h; path = SMLocationModel.h; sourceTree = "<group>"; };
		DC1C17EA1F0D4D97008DD23A /* SMLocationModel.m */ = {isa = PBXFileReference; fileEncoding = 4; lastKnownFileType = sourcecode.c.objc; path = SMLocationModel.m; sourceTree = "<group>"; };
		DC1C17EC1F0D53EF008DD23A /* SMCustomMapView.h */ = {isa = PBXFileReference; fileEncoding = 4; lastKnownFileType = sourcecode.c.h; path = SMCustomMapView.h; sourceTree = "<group>"; };
		DC1C17ED1F0D53EF008DD23A /* SMCustomMapView.m */ = {isa = PBXFileReference; fileEncoding = 4; lastKnownFileType = sourcecode.c.objc; path = SMCustomMapView.m; sourceTree = "<group>"; };
		DC1C17F51F0D65CC008DD23A /* SMCustomAnnotationView.h */ = {isa = PBXFileReference; fileEncoding = 4; lastKnownFileType = sourcecode.c.h; path = SMCustomAnnotationView.h; sourceTree = "<group>"; };
		DC1C17F61F0D65CC008DD23A /* SMCustomAnnotationView.m */ = {isa = PBXFileReference; fileEncoding = 4; lastKnownFileType = sourcecode.c.objc; path = SMCustomAnnotationView.m; sourceTree = "<group>"; };
		DC21CC451F095E2400BA8558 /* SMTreatmentModel.h */ = {isa = PBXFileReference; fileEncoding = 4; lastKnownFileType = sourcecode.c.h; path = SMTreatmentModel.h; sourceTree = "<group>"; };
		DC21CC461F095E2400BA8558 /* SMTreatmentModel.m */ = {isa = PBXFileReference; fileEncoding = 4; lastKnownFileType = sourcecode.c.objc; path = SMTreatmentModel.m; sourceTree = "<group>"; };
		DC21CC481F095F1F00BA8558 /* SMServicesModel.h */ = {isa = PBXFileReference; fileEncoding = 4; lastKnownFileType = sourcecode.c.h; path = SMServicesModel.h; sourceTree = "<group>"; };
		DC21CC491F095F1F00BA8558 /* SMServicesModel.m */ = {isa = PBXFileReference; fileEncoding = 4; lastKnownFileType = sourcecode.c.objc; path = SMServicesModel.m; sourceTree = "<group>"; };
		DC21CC4B1F0A8ED100BA8558 /* GoogleService-Info.plist */ = {isa = PBXFileReference; fileEncoding = 4; lastKnownFileType = text.plist.xml; path = "GoogleService-Info.plist"; sourceTree = "<group>"; };
		DC21CC4D1F0A9C3000BA8558 /* SMDataService.h */ = {isa = PBXFileReference; fileEncoding = 4; lastKnownFileType = sourcecode.c.h; path = SMDataService.h; sourceTree = "<group>"; };
		DC21CC4E1F0A9C3000BA8558 /* SMDataService.m */ = {isa = PBXFileReference; fileEncoding = 4; lastKnownFileType = sourcecode.c.objc; path = SMDataService.m; sourceTree = "<group>"; };
		DC4112BB1F0EA6EC0083A024 /* SMPortfolioModel.h */ = {isa = PBXFileReference; fileEncoding = 4; lastKnownFileType = sourcecode.c.h; path = SMPortfolioModel.h; sourceTree = "<group>"; };
		DC4112BC1F0EA6EC0083A024 /* SMPortfolioModel.m */ = {isa = PBXFileReference; fileEncoding = 4; lastKnownFileType = sourcecode.c.objc; path = SMPortfolioModel.m; sourceTree = "<group>"; };
		DC42CC5A1E52294500E471CB /* JVK.app */ = {isa = PBXFileReference; explicitFileType = wrapper.application; includeInIndex = 0; path = JVK.app; sourceTree = BUILT_PRODUCTS_DIR; };
		DC42CC5E1E52294500E471CB /* main.m */ = {isa = PBXFileReference; lastKnownFileType = sourcecode.c.objc; path = main.m; sourceTree = "<group>"; };
		DC42CC601E52294500E471CB /* AppDelegate.h */ = {isa = PBXFileReference; lastKnownFileType = sourcecode.c.h; path = AppDelegate.h; sourceTree = "<group>"; };
		DC42CC611E52294500E471CB /* AppDelegate.m */ = {isa = PBXFileReference; lastKnownFileType = sourcecode.c.objc; path = AppDelegate.m; sourceTree = "<group>"; };
		DC42CC631E52294500E471CB /* SMHomeViewController.h */ = {isa = PBXFileReference; lastKnownFileType = sourcecode.c.h; path = SMHomeViewController.h; sourceTree = "<group>"; };
		DC42CC641E52294500E471CB /* SMHomeViewController.m */ = {isa = PBXFileReference; lastKnownFileType = sourcecode.c.objc; path = SMHomeViewController.m; sourceTree = "<group>"; };
		DC42CC6A1E52294500E471CB /* Base */ = {isa = PBXFileReference; lastKnownFileType = file.storyboard; name = Base; path = Base.lproj/Main.storyboard; sourceTree = "<group>"; };
		DC42CC6C1E52294500E471CB /* Assets.xcassets */ = {isa = PBXFileReference; lastKnownFileType = folder.assetcatalog; path = Assets.xcassets; sourceTree = "<group>"; };
		DC42CC6F1E52294500E471CB /* Base */ = {isa = PBXFileReference; lastKnownFileType = file.storyboard; name = Base; path = Base.lproj/LaunchScreen.storyboard; sourceTree = "<group>"; };
		DC42CC711E52294500E471CB /* Info.plist */ = {isa = PBXFileReference; lastKnownFileType = text.plist.xml; path = Info.plist; sourceTree = "<group>"; };
		DC42CC781E524C4600E471CB /* QuartzCore.framework */ = {isa = PBXFileReference; lastKnownFileType = wrapper.framework; name = QuartzCore.framework; path = System/Library/Frameworks/QuartzCore.framework; sourceTree = SDKROOT; };
		DC42CCBD1E54B16900E471CB /* SMCustomButton.h */ = {isa = PBXFileReference; fileEncoding = 4; lastKnownFileType = sourcecode.c.h; path = SMCustomButton.h; sourceTree = "<group>"; };
		DC42CCBE1E54B16900E471CB /* SMCustomButton.m */ = {isa = PBXFileReference; fileEncoding = 4; lastKnownFileType = sourcecode.c.objc; path = SMCustomButton.m; sourceTree = "<group>"; };
		DC42CCC11E56031300E471CB /* SMTreatmentTableViewController.h */ = {isa = PBXFileReference; fileEncoding = 4; lastKnownFileType = sourcecode.c.h; path = SMTreatmentTableViewController.h; sourceTree = "<group>"; };
		DC42CCC21E56031300E471CB /* SMTreatmentTableViewController.m */ = {isa = PBXFileReference; fileEncoding = 4; lastKnownFileType = sourcecode.c.objc; path = SMTreatmentTableViewController.m; sourceTree = "<group>"; };
		DC42CCC41E56032C00E471CB /* SMTreatmentTableViewCell.h */ = {isa = PBXFileReference; fileEncoding = 4; lastKnownFileType = sourcecode.c.h; path = SMTreatmentTableViewCell.h; sourceTree = "<group>"; };
		DC42CCC51E56032C00E471CB /* SMTreatmentTableViewCell.m */ = {isa = PBXFileReference; fileEncoding = 4; lastKnownFileType = sourcecode.c.objc; path = SMTreatmentTableViewCell.m; sourceTree = "<group>"; };
		DC42CCC71E5603A600E471CB /* SMAboutUsViewController.h */ = {isa = PBXFileReference; fileEncoding = 4; lastKnownFileType = sourcecode.c.h; path = SMAboutUsViewController.h; sourceTree = "<group>"; };
		DC42CCC81E5603A600E471CB /* SMAboutUsViewController.m */ = {isa = PBXFileReference; fileEncoding = 4; lastKnownFileType = sourcecode.c.objc; path = SMAboutUsViewController.m; sourceTree = "<group>"; };
		DC42CCCA1E5605D200E471CB /* SMServiceTableViewController.h */ = {isa = PBXFileReference; fileEncoding = 4; lastKnownFileType = sourcecode.c.h; path = SMServiceTableViewController.h; sourceTree = "<group>"; };
		DC42CCCB1E5605D200E471CB /* SMServiceTableViewController.m */ = {isa = PBXFileReference; fileEncoding = 4; lastKnownFileType = sourcecode.c.objc; path = SMServiceTableViewController.m; sourceTree = "<group>"; };
		DCCF08E01E57767600E16D2F /* SMServiceTableViewCell.h */ = {isa = PBXFileReference; fileEncoding = 4; lastKnownFileType = sourcecode.c.h; path = SMServiceTableViewCell.h; sourceTree = "<group>"; };
		DCCF08E11E57767600E16D2F /* SMServiceTableViewCell.m */ = {isa = PBXFileReference; fileEncoding = 4; lastKnownFileType = sourcecode.c.objc; path = SMServiceTableViewCell.m; sourceTree = "<group>"; };
		DCCF08E41E577E5100E16D2F /* SMPortfolioCollectionViewController.h */ = {isa = PBXFileReference; fileEncoding = 4; lastKnownFileType = sourcecode.c.h; path = SMPortfolioCollectionViewController.h; sourceTree = "<group>"; };
		DCCF08E51E577E5100E16D2F /* SMPortfolioCollectionViewController.m */ = {isa = PBXFileReference; fileEncoding = 4; lastKnownFileType = sourcecode.c.objc; path = SMPortfolioCollectionViewController.m; sourceTree = "<group>"; };
		DCCF08E71E577E6800E16D2F /* SMPortfolioCollectionViewCell.h */ = {isa = PBXFileReference; fileEncoding = 4; lastKnownFileType = sourcecode.c.h; path = SMPortfolioCollectionViewCell.h; sourceTree = "<group>"; };
		DCCF08E81E577E6800E16D2F /* SMPortfolioCollectionViewCell.m */ = {isa = PBXFileReference; fileEncoding = 4; lastKnownFileType = sourcecode.c.objc; path = SMPortfolioCollectionViewCell.m; sourceTree = "<group>"; };
		DCCF08EA1E5B53A400E16D2F /* SMContactUsViewController.h */ = {isa = PBXFileReference; fileEncoding = 4; lastKnownFileType = sourcecode.c.h; path = SMContactUsViewController.h; sourceTree = "<group>"; };
		DCCF08EB1E5B53A400E16D2F /* SMContactUsViewController.m */ = {isa = PBXFileReference; fileEncoding = 4; lastKnownFileType = sourcecode.c.objc; path = SMContactUsViewController.m; sourceTree = "<group>"; };
		DCCF08EE1E5B57F400E16D2F /* MapKit.framework */ = {isa = PBXFileReference; lastKnownFileType = wrapper.framework; name = MapKit.framework; path = System/Library/Frameworks/MapKit.framework; sourceTree = SDKROOT; };
		DCCF08F01E5B674500E16D2F /* SMEmailViewController.h */ = {isa = PBXFileReference; fileEncoding = 4; lastKnownFileType = sourcecode.c.h; path = SMEmailViewController.h; sourceTree = "<group>"; };
		DCCF08F11E5B674500E16D2F /* SMEmailViewController.m */ = {isa = PBXFileReference; fileEncoding = 4; lastKnownFileType = sourcecode.c.objc; path = SMEmailViewController.m; sourceTree = "<group>"; };
		DCCF08F31E5C751800E16D2F /* MessageUI.framework */ = {isa = PBXFileReference; lastKnownFileType = wrapper.framework; name = MessageUI.framework; path = System/Library/Frameworks/MessageUI.framework; sourceTree = SDKROOT; };
		DCCF09411E67095C00E16D2F /* SMCustomNavigationBar.h */ = {isa = PBXFileReference; fileEncoding = 4; lastKnownFileType = sourcecode.c.h; path = SMCustomNavigationBar.h; sourceTree = "<group>"; };
		DCCF09421E67095C00E16D2F /* SMCustomNavigationBar.m */ = {isa = PBXFileReference; fileEncoding = 4; lastKnownFileType = sourcecode.c.objc; path = SMCustomNavigationBar.m; sourceTree = "<group>"; };
		DCCF09441E670D6D00E16D2F /* SMCustomImageView.h */ = {isa = PBXFileReference; fileEncoding = 4; lastKnownFileType = sourcecode.c.h; path = SMCustomImageView.h; sourceTree = "<group>"; };
		DCCF09451E670D6D00E16D2F /* SMCustomImageView.m */ = {isa = PBXFileReference; fileEncoding = 4; lastKnownFileType = sourcecode.c.objc; path = SMCustomImageView.m; sourceTree = "<group>"; };
/* End PBXFileReference section */

/* Begin PBXFrameworksBuildPhase section */
		DC42CC571E52294500E471CB /* Frameworks */ = {
			isa = PBXFrameworksBuildPhase;
			buildActionMask = 2147483647;
			files = (
				DCCF08F41E5C751800E16D2F /* MessageUI.framework in Frameworks */,
				DCCF08EF1E5B57F400E16D2F /* MapKit.framework in Frameworks */,
				DC42CC791E524C4600E471CB /* QuartzCore.framework in Frameworks */,
				BC3F94C5AC3D9ECAEEB54208 /* libPods-JVK.a in Frameworks */,
			);
			runOnlyForDeploymentPostprocessing = 0;
		};
/* End PBXFrameworksBuildPhase section */

/* Begin PBXGroup section */
		CED7C4DF985D5FE01453FE16 /* Pods */ = {
			isa = PBXGroup;
			children = (
				6CDCC6E65905DEE41FCD17A1 /* Pods-JVK.debug.xcconfig */,
				990D97900C0771DCE66AC8B6 /* Pods-JVK.release.xcconfig */,
			);
			name = Pods;
			sourceTree = "<group>";
		};
		DC21CC431F06B8DA00BA8558 /* Controller */ = {
			isa = PBXGroup;
			children = (
				DC42CC631E52294500E471CB /* SMHomeViewController.h */,
				DC42CC641E52294500E471CB /* SMHomeViewController.m */,
				DC42CCC71E5603A600E471CB /* SMAboutUsViewController.h */,
				DC42CCC81E5603A600E471CB /* SMAboutUsViewController.m */,
				DC42CCC11E56031300E471CB /* SMTreatmentTableViewController.h */,
				DC42CCC21E56031300E471CB /* SMTreatmentTableViewController.m */,
				DC42CCCA1E5605D200E471CB /* SMServiceTableViewController.h */,
				DC42CCCB1E5605D200E471CB /* SMServiceTableViewController.m */,
				DCCF08EA1E5B53A400E16D2F /* SMContactUsViewController.h */,
				DCCF08EB1E5B53A400E16D2F /* SMContactUsViewController.m */,
				DCCF08F01E5B674500E16D2F /* SMEmailViewController.h */,
				DCCF08F11E5B674500E16D2F /* SMEmailViewController.m */,
				DCCF08E41E577E5100E16D2F /* SMPortfolioCollectionViewController.h */,
				DCCF08E51E577E5100E16D2F /* SMPortfolioCollectionViewController.m */,
			);
			name = Controller;
			sourceTree = "<group>";
		};
		DC21CC441F095E0200BA8558 /* Model */ = {
			isa = PBXGroup;
			children = (
				DC21CC451F095E2400BA8558 /* SMTreatmentModel.h */,
				DC21CC461F095E2400BA8558 /* SMTreatmentModel.m */,
				DC21CC481F095F1F00BA8558 /* SMServicesModel.h */,
				DC21CC491F095F1F00BA8558 /* SMServicesModel.m */,
				DC21CC4D1F0A9C3000BA8558 /* SMDataService.h */,
				DC21CC4E1F0A9C3000BA8558 /* SMDataService.m */,
				DC1C17E91F0D4D97008DD23A /* SMLocationModel.h */,
				DC1C17EA1F0D4D97008DD23A /* SMLocationModel.m */,
				DC4112BB1F0EA6EC0083A024 /* SMPortfolioModel.h */,
				DC4112BC1F0EA6EC0083A024 /* SMPortfolioModel.m */,
			);
			name = Model;
			sourceTree = "<group>";
		};
		DC42CC511E52294500E471CB = {
			isa = PBXGroup;
			children = (
				DC42CC5C1E52294500E471CB /* JVK */,
				DC42CC5B1E52294500E471CB /* Products */,
				DC42CC771E524C4600E471CB /* Frameworks */,
				CED7C4DF985D5FE01453FE16 /* Pods */,
			);
			sourceTree = "<group>";
		};
		DC42CC5B1E52294500E471CB /* Products */ = {
			isa = PBXGroup;
			children = (
				DC42CC5A1E52294500E471CB /* JVK.app */,
			);
			name = Products;
			sourceTree = "<group>";
		};
		DC42CC5C1E52294500E471CB /* JVK */ = {
			isa = PBXGroup;
			children = (
				DC21CC441F095E0200BA8558 /* Model */,
				DC21CC431F06B8DA00BA8558 /* Controller */,
				DCCF093A1E6707D900E16D2F /* View */,
				DC42CC601E52294500E471CB /* AppDelegate.h */,
				DC42CC611E52294500E471CB /* AppDelegate.m */,
				DC42CC691E52294500E471CB /* Main.storyboard */,
				DC42CC6C1E52294500E471CB /* Assets.xcassets */,
				DC42CC6E1E52294500E471CB /* LaunchScreen.storyboard */,
				DC21CC4B1F0A8ED100BA8558 /* GoogleService-Info.plist */,
				DC42CC711E52294500E471CB /* Info.plist */,
				DC42CC5D1E52294500E471CB /* Supporting Files */,
			);
			path = JVK;
			sourceTree = "<group>";
		};
		DC42CC5D1E52294500E471CB /* Supporting Files */ = {
			isa = PBXGroup;
			children = (
				DC42CC5E1E52294500E471CB /* main.m */,
			);
			name = "Supporting Files";
			sourceTree = "<group>";
		};
		DC42CC771E524C4600E471CB /* Frameworks */ = {
			isa = PBXGroup;
			children = (
				DCCF08F31E5C751800E16D2F /* MessageUI.framework */,
				DCCF08EE1E5B57F400E16D2F /* MapKit.framework */,
				DC42CC781E524C4600E471CB /* QuartzCore.framework */,
				7CAD81C04565567E345C2955 /* libPods-JVK.a */,
			);
			name = Frameworks;
			sourceTree = "<group>";
		};
		DCCF093A1E6707D900E16D2F /* View */ = {
			isa = PBXGroup;
			children = (
				DC42CCC41E56032C00E471CB /* SMTreatmentTableViewCell.h */,
				DC42CCC51E56032C00E471CB /* SMTreatmentTableViewCell.m */,
				DCCF08E01E57767600E16D2F /* SMServiceTableViewCell.h */,
				DCCF08E11E57767600E16D2F /* SMServiceTableViewCell.m */,
				DCCF08E71E577E6800E16D2F /* SMPortfolioCollectionViewCell.h */,
				DCCF08E81E577E6800E16D2F /* SMPortfolioCollectionViewCell.m */,
				DC42CCBD1E54B16900E471CB /* SMCustomButton.h */,
				DC42CCBE1E54B16900E471CB /* SMCustomButton.m */,
				DCCF09411E67095C00E16D2F /* SMCustomNavigationBar.h */,
				DCCF09421E67095C00E16D2F /* SMCustomNavigationBar.m */,
				DCCF09441E670D6D00E16D2F /* SMCustomImageView.h */,
				DCCF09451E670D6D00E16D2F /* SMCustomImageView.m */,
				DC1C17EC1F0D53EF008DD23A /* SMCustomMapView.h */,
				DC1C17ED1F0D53EF008DD23A /* SMCustomMapView.m */,
				DC1C17F51F0D65CC008DD23A /* SMCustomAnnotationView.h */,
				DC1C17F61F0D65CC008DD23A /* SMCustomAnnotationView.m */,
			);
			name = View;
			sourceTree = "<group>";
		};
/* End PBXGroup section */

/* Begin PBXNativeTarget section */
		DC42CC591E52294500E471CB /* JVK */ = {
			isa = PBXNativeTarget;
			buildConfigurationList = DC42CC741E52294500E471CB /* Build configuration list for PBXNativeTarget "JVK" */;
			buildPhases = (
				7F7F2F6ED4AF8AF09D340510 /* [CP] Check Pods Manifest.lock */,
				DC42CC561E52294500E471CB /* Sources */,
				DC42CC571E52294500E471CB /* Frameworks */,
				DC42CC581E52294500E471CB /* Resources */,
				4EDB328B2D423B8FE37B4CFF /* [CP] Embed Pods Frameworks */,
				196ABEF4187F9CADA0840DE1 /* [CP] Copy Pods Resources */,
			);
			buildRules = (
			);
			dependencies = (
			);
			name = JVK;
			productName = JVK;
			productReference = DC42CC5A1E52294500E471CB /* JVK.app */;
			productType = "com.apple.product-type.application";
		};
/* End PBXNativeTarget section */

/* Begin PBXProject section */
		DC42CC521E52294500E471CB /* Project object */ = {
			isa = PBXProject;
			attributes = {
				LastUpgradeCheck = 0810;
				ORGANIZATIONNAME = "Max&Viktoria";
				TargetAttributes = {
					DC42CC591E52294500E471CB = {
						CreatedOnToolsVersion = 8.1;
						DevelopmentTeam = RLMXU9393M;
						ProvisioningStyle = Automatic;
					};
				};
			};
			buildConfigurationList = DC42CC551E52294500E471CB /* Build configuration list for PBXProject "JVK" */;
			compatibilityVersion = "Xcode 3.2";
			developmentRegion = English;
			hasScannedForEncodings = 0;
			knownRegions = (
				en,
				Base,
			);
			mainGroup = DC42CC511E52294500E471CB;
			productRefGroup = DC42CC5B1E52294500E471CB /* Products */;
			projectDirPath = "";
			projectRoot = "";
			targets = (
				DC42CC591E52294500E471CB /* JVK */,
			);
		};
/* End PBXProject section */

/* Begin PBXResourcesBuildPhase section */
		DC42CC581E52294500E471CB /* Resources */ = {
			isa = PBXResourcesBuildPhase;
			buildActionMask = 2147483647;
			files = (
				DC42CC701E52294500E471CB /* LaunchScreen.storyboard in Resources */,
				DC42CC6D1E52294500E471CB /* Assets.xcassets in Resources */,
				DC42CC6B1E52294500E471CB /* Main.storyboard in Resources */,
				DC21CC4C1F0A8ED100BA8558 /* GoogleService-Info.plist in Resources */,
			);
			runOnlyForDeploymentPostprocessing = 0;
		};
/* End PBXResourcesBuildPhase section */

/* Begin PBXShellScriptBuildPhase section */
		196ABEF4187F9CADA0840DE1 /* [CP] Copy Pods Resources */ = {
			isa = PBXShellScriptBuildPhase;
			buildActionMask = 2147483647;
			files = (
			);
			inputPaths = (
			);
			name = "[CP] Copy Pods Resources";
			outputPaths = (
			);
			runOnlyForDeploymentPostprocessing = 0;
			shellPath = /bin/sh;
			shellScript = "\"${SRCROOT}/Pods/Target Support Files/Pods-JVK/Pods-JVK-resources.sh\"\n";
			showEnvVarsInLog = 0;
		};
		4EDB328B2D423B8FE37B4CFF /* [CP] Embed Pods Frameworks */ = {
			isa = PBXShellScriptBuildPhase;
			buildActionMask = 2147483647;
			files = (
			);
			inputPaths = (
			);
			name = "[CP] Embed Pods Frameworks";
			outputPaths = (
			);
			runOnlyForDeploymentPostprocessing = 0;
			shellPath = /bin/sh;
			shellScript = "\"${SRCROOT}/Pods/Target Support Files/Pods-JVK/Pods-JVK-frameworks.sh\"\n";
			showEnvVarsInLog = 0;
		};
		7F7F2F6ED4AF8AF09D340510 /* [CP] Check Pods Manifest.lock */ = {
			isa = PBXShellScriptBuildPhase;
			buildActionMask = 2147483647;
			files = (
			);
			inputPaths = (
			);
			name = "[CP] Check Pods Manifest.lock";
			outputPaths = (
			);
			runOnlyForDeploymentPostprocessing = 0;
			shellPath = /bin/sh;
			shellScript = "diff \"${PODS_ROOT}/../Podfile.lock\" \"${PODS_ROOT}/Manifest.lock\" > /dev/null\nif [ $? != 0 ] ; then\n    # print error to STDERR\n    echo \"error: The sandbox is not in sync with the Podfile.lock. Run 'pod install' or update your CocoaPods installation.\" >&2\n    exit 1\nfi\n";
			showEnvVarsInLog = 0;
		};
/* End PBXShellScriptBuildPhase section */

/* Begin PBXSourcesBuildPhase section */
		DC42CC561E52294500E471CB /* Sources */ = {
			isa = PBXSourcesBuildPhase;
			buildActionMask = 2147483647;
			files = (
				DC1C17F71F0D65CC008DD23A /* SMCustomAnnotationView.m in Sources */,
				DC1C17EE1F0D53EF008DD23A /* SMCustomMapView.m in Sources */,
				DC42CCC31E56031300E471CB /* SMTreatmentTableViewController.m in Sources */,
				DC21CC471F095E2400BA8558 /* SMTreatmentModel.m in Sources */,
				DCCF08E91E577E6800E16D2F /* SMPortfolioCollectionViewCell.m in Sources */,
				DC42CCC61E56032C00E471CB /* SMTreatmentTableViewCell.m in Sources */,
				DC42CCBF1E54B16900E471CB /* SMCustomButton.m in Sources */,
				DC42CC621E52294500E471CB /* AppDelegate.m in Sources */,
				DCCF09461E670D6D00E16D2F /* SMCustomImageView.m in Sources */,
				DCCF08E21E57767600E16D2F /* SMServiceTableViewCell.m in Sources */,
				DC42CCCC1E5605D200E471CB /* SMServiceTableViewController.m in Sources */,
				DC21CC4A1F095F1F00BA8558 /* SMServicesModel.m in Sources */,
				DCCF08F21E5B674500E16D2F /* SMEmailViewController.m in Sources */,
				DCCF08EC1E5B53A400E16D2F /* SMContactUsViewController.m in Sources */,
				DC42CCC91E5603A600E471CB /* SMAboutUsViewController.m in Sources */,
				DC1C17EB1F0D4D97008DD23A /* SMLocationModel.m in Sources */,
				DC4112BD1F0EA6EC0083A024 /* SMPortfolioModel.m in Sources */,
				DC42CC651E52294500E471CB /* SMHomeViewController.m in Sources */,
				DC42CC5F1E52294500E471CB /* main.m in Sources */,
				DCCF08E61E577E5100E16D2F /* SMPortfolioCollectionViewController.m in Sources */,
				DCCF09431E67095C00E16D2F /* SMCustomNavigationBar.m in Sources */,
				DC21CC4F1F0A9C3000BA8558 /* SMDataService.m in Sources */,
			);
			runOnlyForDeploymentPostprocessing = 0;
		};
/* End PBXSourcesBuildPhase section */

/* Begin PBXVariantGroup section */
		DC42CC691E52294500E471CB /* Main.storyboard */ = {
			isa = PBXVariantGroup;
			children = (
				DC42CC6A1E52294500E471CB /* Base */,
			);
			name = Main.storyboard;
			sourceTree = "<group>";
		};
		DC42CC6E1E52294500E471CB /* LaunchScreen.storyboard */ = {
			isa = PBXVariantGroup;
			children = (
				DC42CC6F1E52294500E471CB /* Base */,
			);
			name = LaunchScreen.storyboard;
			sourceTree = "<group>";
		};
/* End PBXVariantGroup section */

/* Begin XCBuildConfiguration section */
		DC42CC721E52294500E471CB /* Debug */ = {
			isa = XCBuildConfiguration;
			buildSettings = {
				ALWAYS_SEARCH_USER_PATHS = NO;
				CLANG_ANALYZER_NONNULL = YES;
				CLANG_CXX_LANGUAGE_STANDARD = "gnu++0x";
				CLANG_CXX_LIBRARY = "libc++";
				CLANG_ENABLE_MODULES = YES;
				CLANG_ENABLE_OBJC_ARC = YES;
				CLANG_WARN_BOOL_CONVERSION = YES;
				CLANG_WARN_CONSTANT_CONVERSION = YES;
				CLANG_WARN_DIRECT_OBJC_ISA_USAGE = YES_ERROR;
				CLANG_WARN_DOCUMENTATION_COMMENTS = YES;
				CLANG_WARN_EMPTY_BODY = YES;
				CLANG_WARN_ENUM_CONVERSION = YES;
				CLANG_WARN_INFINITE_RECURSION = YES;
				CLANG_WARN_INT_CONVERSION = YES;
				CLANG_WARN_OBJC_ROOT_CLASS = YES_ERROR;
				CLANG_WARN_SUSPICIOUS_MOVES = YES;
				CLANG_WARN_UNREACHABLE_CODE = YES;
				CLANG_WARN__DUPLICATE_METHOD_MATCH = YES;
				"CODE_SIGN_IDENTITY[sdk=iphoneos*]" = "iPhone Developer";
				COPY_PHASE_STRIP = NO;
				DEBUG_INFORMATION_FORMAT = dwarf;
				ENABLE_STRICT_OBJC_MSGSEND = YES;
				ENABLE_TESTABILITY = YES;
				GCC_C_LANGUAGE_STANDARD = gnu99;
				GCC_DYNAMIC_NO_PIC = NO;
				GCC_NO_COMMON_BLOCKS = YES;
				GCC_OPTIMIZATION_LEVEL = 0;
				GCC_PREPROCESSOR_DEFINITIONS = (
					"DEBUG=1",
					"$(inherited)",
				);
				GCC_WARN_64_TO_32_BIT_CONVERSION = YES;
				GCC_WARN_ABOUT_RETURN_TYPE = YES_ERROR;
				GCC_WARN_UNDECLARED_SELECTOR = YES;
				GCC_WARN_UNINITIALIZED_AUTOS = YES_AGGRESSIVE;
				GCC_WARN_UNUSED_FUNCTION = YES;
				GCC_WARN_UNUSED_VARIABLE = YES;
				IPHONEOS_DEPLOYMENT_TARGET = 10.1;
				MTL_ENABLE_DEBUG_INFO = YES;
				ONLY_ACTIVE_ARCH = YES;
				SDKROOT = iphoneos;
			};
			name = Debug;
		};
		DC42CC731E52294500E471CB /* Release */ = {
			isa = XCBuildConfiguration;
			buildSettings = {
				ALWAYS_SEARCH_USER_PATHS = NO;
				CLANG_ANALYZER_NONNULL = YES;
				CLANG_CXX_LANGUAGE_STANDARD = "gnu++0x";
				CLANG_CXX_LIBRARY = "libc++";
				CLANG_ENABLE_MODULES = YES;
				CLANG_ENABLE_OBJC_ARC = YES;
				CLANG_WARN_BOOL_CONVERSION = YES;
				CLANG_WARN_CONSTANT_CONVERSION = YES;
				CLANG_WARN_DIRECT_OBJC_ISA_USAGE = YES_ERROR;
				CLANG_WARN_DOCUMENTATION_COMMENTS = YES;
				CLANG_WARN_EMPTY_BODY = YES;
				CLANG_WARN_ENUM_CONVERSION = YES;
				CLANG_WARN_INFINITE_RECURSION = YES;
				CLANG_WARN_INT_CONVERSION = YES;
				CLANG_WARN_OBJC_ROOT_CLASS = YES_ERROR;
				CLANG_WARN_SUSPICIOUS_MOVES = YES;
				CLANG_WARN_UNREACHABLE_CODE = YES;
				CLANG_WARN__DUPLICATE_METHOD_MATCH = YES;
				"CODE_SIGN_IDENTITY[sdk=iphoneos*]" = "iPhone Developer";
				COPY_PHASE_STRIP = NO;
				DEBUG_INFORMATION_FORMAT = "dwarf-with-dsym";
				ENABLE_NS_ASSERTIONS = NO;
				ENABLE_STRICT_OBJC_MSGSEND = YES;
				GCC_C_LANGUAGE_STANDARD = gnu99;
				GCC_NO_COMMON_BLOCKS = YES;
				GCC_WARN_64_TO_32_BIT_CONVERSION = YES;
				GCC_WARN_ABOUT_RETURN_TYPE = YES_ERROR;
				GCC_WARN_UNDECLARED_SELECTOR = YES;
				GCC_WARN_UNINITIALIZED_AUTOS = YES_AGGRESSIVE;
				GCC_WARN_UNUSED_FUNCTION = YES;
				GCC_WARN_UNUSED_VARIABLE = YES;
				IPHONEOS_DEPLOYMENT_TARGET = 10.1;
				MTL_ENABLE_DEBUG_INFO = NO;
				SDKROOT = iphoneos;
				VALIDATE_PRODUCT = YES;
			};
			name = Release;
		};
		DC42CC751E52294500E471CB /* Debug */ = {
			isa = XCBuildConfiguration;
			baseConfigurationReference = 6CDCC6E65905DEE41FCD17A1 /* Pods-JVK.debug.xcconfig */;
			buildSettings = {
				ASSETCATALOG_COMPILER_APPICON_NAME = AppIcon;
				DEVELOPMENT_TEAM = RLMXU9393M;
				INFOPLIST_FILE = JVK/Info.plist;
				LD_RUNPATH_SEARCH_PATHS = "$(inherited) @executable_path/Frameworks";
				PRODUCT_BUNDLE_IDENTIFIER = ios.JVK;
				PRODUCT_NAME = "$(TARGET_NAME)";
			};
			name = Debug;
		};
		DC42CC761E52294500E471CB /* Release */ = {
			isa = XCBuildConfiguration;
			baseConfigurationReference = 990D97900C0771DCE66AC8B6 /* Pods-JVK.release.xcconfig */;
			buildSettings = {
				ASSETCATALOG_COMPILER_APPICON_NAME = AppIcon;
				DEVELOPMENT_TEAM = RLMXU9393M;
				INFOPLIST_FILE = JVK/Info.plist;
				LD_RUNPATH_SEARCH_PATHS = "$(inherited) @executable_path/Frameworks";
				PRODUCT_BUNDLE_IDENTIFIER = ios.JVK;
				PRODUCT_NAME = "$(TARGET_NAME)";
			};
			name = Release;
		};
/* End XCBuildConfiguration section */

/* Begin XCConfigurationList section */
		DC42CC551E52294500E471CB /* Build configuration list for PBXProject "JVK" */ = {
			isa = XCConfigurationList;
			buildConfigurations = (
				DC42CC721E52294500E471CB /* Debug */,
				DC42CC731E52294500E471CB /* Release */,
			);
			defaultConfigurationIsVisible = 0;
			defaultConfigurationName = Release;
		};
		DC42CC741E52294500E471CB /* Build configuration list for PBXNativeTarget "JVK" */ = {
			isa = XCConfigurationList;
			buildConfigurations = (
				DC42CC751E52294500E471CB /* Debug */,
				DC42CC761E52294500E471CB /* Release */,
			);
			defaultConfigurationIsVisible = 0;
			defaultConfigurationName = Release;
		};
/* End XCConfigurationList section */
	};
	rootObject = DC42CC521E52294500E471CB /* Project object */;
}
